// !$*UTF8*$!
{
	archiveVersion = 1;
	classes = {
	};
	objectVersion = 46;
	objects = {

/* Begin PBXBuildFile section */
		56DC8B631AAF79BD00F38888 /* main.m in Sources */ = {isa = PBXBuildFile; fileRef = 56DC8B621AAF79BD00F38888 /* main.m */; };
		56DC8B661AAF79BD00F38888 /* AppDelegate.m in Sources */ = {isa = PBXBuildFile; fileRef = 56DC8B651AAF79BD00F38888 /* AppDelegate.m */; };
		56DC8B691AAF79BD00F38888 /* ViewController.m in Sources */ = {isa = PBXBuildFile; fileRef = 56DC8B681AAF79BD00F38888 /* ViewController.m */; };
		56DC8B6C1AAF79BD00F38888 /* Main.storyboard in Resources */ = {isa = PBXBuildFile; fileRef = 56DC8B6A1AAF79BD00F38888 /* Main.storyboard */; };
		56DC8B6E1AAF79BD00F38888 /* Images.xcassets in Resources */ = {isa = PBXBuildFile; fileRef = 56DC8B6D1AAF79BD00F38888 /* Images.xcassets */; };
		56DC8B711AAF79BD00F38888 /* LaunchScreen.xib in Resources */ = {isa = PBXBuildFile; fileRef = 56DC8B6F1AAF79BD00F38888 /* LaunchScreen.xib */; };
		56DC8B7D1AAF79BD00F38888 /* WordPlayTests.m in Sources */ = {isa = PBXBuildFile; fileRef = 56DC8B7C1AAF79BD00F38888 /* WordPlayTests.m */; };
/* End PBXBuildFile section */

/* Begin PBXContainerItemProxy section */
		56DC8B771AAF79BD00F38888 /* PBXContainerItemProxy */ = {
			isa = PBXContainerItemProxy;
			containerPortal = 56DC8B551AAF79BD00F38888 /* Project object */;
			proxyType = 1;
			remoteGlobalIDString = 56DC8B5C1AAF79BD00F38888;
			remoteInfo = WordPlay;
		};
/* End PBXContainerItemProxy section */

/* Begin PBXFileReference section */
		56DC8B5D1AAF79BD00F38888 /* WordPlay.app */ = {isa = PBXFileReference; explicitFileType = wrapper.application; includeInIndex = 0; path = WordPlay.app; sourceTree = BUILT_PRODUCTS_DIR; };
		56DC8B611AAF79BD00F38888 /* Info.plist */ = {isa = PBXFileReference; lastKnownFileType = text.plist.xml; path = Info.plist; sourceTree = "<group>"; };
		56DC8B621AAF79BD00F38888 /* main.m */ = {isa = PBXFileReference; lastKnownFileType = sourcecode.c.objc; path = main.m; sourceTree = "<group>"; };
		56DC8B641AAF79BD00F38888 /* AppDelegate.h */ = {isa = PBXFileReference; lastKnownFileType = sourcecode.c.h; path = AppDelegate.h; sourceTree = "<group>"; };
		56DC8B651AAF79BD00F38888 /* AppDelegate.m */ = {isa = PBXFileReference; lastKnownFileType = sourcecode.c.objc; path = AppDelegate.m; sourceTree = "<group>"; };
		56DC8B671AAF79BD00F38888 /* ViewController.h */ = {isa = PBXFileReference; lastKnownFileType = sourcecode.c.h; path = ViewController.h; sourceTree = "<group>"; };
		56DC8B681AAF79BD00F38888 /* ViewController.m */ = {isa = PBXFileReference; lastKnownFileType = sourcecode.c.objc; path = ViewController.m; sourceTree = "<group>"; };
		56DC8B6B1AAF79BD00F38888 /* Base */ = {isa = PBXFileReference; lastKnownFileType = file.storyboard; name = Base; path = Base.lproj/Main.storyboard; sourceTree = "<group>"; };
		56DC8B6D1AAF79BD00F38888 /* Images.xcassets */ = {isa = PBXFileReference; lastKnownFileType = folder.assetcatalog; path = Images.xcassets; sourceTree = "<group>"; };
		56DC8B701AAF79BD00F38888 /* Base */ = {isa = PBXFileReference; lastKnownFileType = file.xib; name = Base; path = Base.lproj/LaunchScreen.xib; sourceTree = "<group>"; };
		56DC8B761AAF79BD00F38888 /* WordPlayTests.xctest */ = {isa = PBXFileReference; explicitFileType = wrapper.cfbundle; includeInIndex = 0; path = WordPlayTests.xctest; sourceTree = BUILT_PRODUCTS_DIR; };
		56DC8B7B1AAF79BD00F38888 /* Info.plist */ = {isa = PBXFileReference; lastKnownFileType = text.plist.xml; path = Info.plist; sourceTree = "<group>"; };
		56DC8B7C1AAF79BD00F38888 /* WordPlayTests.m */ = {isa = PBXFileReference; lastKnownFileType = sourcecode.c.objc; path = WordPlayTests.m; sourceTree = "<group>"; };
/* End PBXFileReference section */

/* Begin PBXFrameworksBuildPhase section */
		56DC8B5A1AAF79BD00F38888 /* Frameworks */ = {
			isa = PBXFrameworksBuildPhase;
			buildActionMask = 2147483647;
			files = (
			);
			runOnlyForDeploymentPostprocessing = 0;
		};
		56DC8B731AAF79BD00F38888 /* Frameworks */ = {
			isa = PBXFrameworksBuildPhase;
			buildActionMask = 2147483647;
			files = (
			);
			runOnlyForDeploymentPostprocessing = 0;
		};
/* End PBXFrameworksBuildPhase section */

/* Begin PBXGroup section */
		56DC8B541AAF79BD00F38888 = {
			isa = PBXGroup;
			children = (
				56DC8B5F1AAF79BD00F38888 /* WordPlay */,
				56DC8B791AAF79BD00F38888 /* WordPlayTests */,
				56DC8B5E1AAF79BD00F38888 /* Products */,
			);
			sourceTree = "<group>";
		};
		56DC8B5E1AAF79BD00F38888 /* Products */ = {
			isa = PBXGroup;
			children = (
				56DC8B5D1AAF79BD00F38888 /* WordPlay.app */,
				56DC8B761AAF79BD00F38888 /* WordPlayTests.xctest */,
			);
			name = Products;
			sourceTree = "<group>";
		};
		56DC8B5F1AAF79BD00F38888 /* WordPlay */ = {
			isa = PBXGroup;
			children = (
				56DC8B641AAF79BD00F38888 /* AppDelegate.h */,
				56DC8B651AAF79BD00F38888 /* AppDelegate.m */,
				56DC8B671AAF79BD00F38888 /* ViewController.h */,
				56DC8B681AAF79BD00F38888 /* ViewController.m */,
				56DC8B6A1AAF79BD00F38888 /* Main.storyboard */,
				56DC8B6D1AAF79BD00F38888 /* Images.xcassets */,
				56DC8B6F1AAF79BD00F38888 /* LaunchScreen.xib */,
				56DC8B601AAF79BD00F38888 /* Supporting Files */,
			);
			path = WordPlay;
			sourceTree = "<group>";
		};
		56DC8B601AAF79BD00F38888 /* Supporting Files */ = {
			isa = PBXGroup;
			children = (
				56DC8B611AAF79BD00F38888 /* Info.plist */,
				56DC8B621AAF79BD00F38888 /* main.m */,
			);
			name = "Supporting Files";
			sourceTree = "<group>";
		};
		56DC8B791AAF79BD00F38888 /* WordPlayTests */ = {
			isa = PBXGroup;
			children = (
				56DC8B7C1AAF79BD00F38888 /* WordPlayTests.m */,
				56DC8B7A1AAF79BD00F38888 /* Supporting Files */,
			);
			path = WordPlayTests;
			sourceTree = "<group>";
		};
		56DC8B7A1AAF79BD00F38888 /* Supporting Files */ = {
			isa = PBXGroup;
			children = (
				56DC8B7B1AAF79BD00F38888 /* Info.plist */,
			);
			name = "Supporting Files";
			sourceTree = "<group>";
		};
/* End PBXGroup section */

/* Begin PBXNativeTarget section */
		56DC8B5C1AAF79BD00F38888 /* WordPlay */ = {
			isa = PBXNativeTarget;
			buildConfigurationList = 56DC8B801AAF79BD00F38888 /* Build configuration list for PBXNativeTarget "WordPlay" */;
			buildPhases = (
				56DC8B591AAF79BD00F38888 /* Sources */,
				56DC8B5A1AAF79BD00F38888 /* Frameworks */,
				56DC8B5B1AAF79BD00F38888 /* Resources */,
			);
			buildRules = (
			);
			dependencies = (
			);
			name = WordPlay;
			productName = WordPlay;
			productReference = 56DC8B5D1AAF79BD00F38888 /* WordPlay.app */;
			productType = "com.apple.product-type.application";
		};
		56DC8B751AAF79BD00F38888 /* WordPlayTests */ = {
			isa = PBXNativeTarget;
			buildConfigurationList = 56DC8B831AAF79BD00F38888 /* Build configuration list for PBXNativeTarget "WordPlayTests" */;
			buildPhases = (
				56DC8B721AAF79BD00F38888 /* Sources */,
				56DC8B731AAF79BD00F38888 /* Frameworks */,
				56DC8B741AAF79BD00F38888 /* Resources */,
			);
			buildRules = (
			);
			dependencies = (
				56DC8B781AAF79BD00F38888 /* PBXTargetDependency */,
			);
			name = WordPlayTests;
			productName = WordPlayTests;
			productReference = 56DC8B761AAF79BD00F38888 /* WordPlayTests.xctest */;
			productType = "com.apple.product-type.bundle.unit-test";
		};
/* End PBXNativeTarget section */

/* Begin PBXProject section */
		56DC8B551AAF79BD00F38888 /* Project object */ = {
			isa = PBXProject;
			attributes = {
				LastUpgradeCheck = 0620;
				ORGANIZATIONNAME = "Brazuca Labs";
				TargetAttributes = {
					56DC8B5C1AAF79BD00F38888 = {
						CreatedOnToolsVersion = 6.2;
					};
					56DC8B751AAF79BD00F38888 = {
						CreatedOnToolsVersion = 6.2;
						TestTargetID = 56DC8B5C1AAF79BD00F38888;
					};
				};
			};
			buildConfigurationList = 56DC8B581AAF79BD00F38888 /* Build configuration list for PBXProject "WordPlay" */;
			compatibilityVersion = "Xcode 3.2";
			developmentRegion = English;
			hasScannedForEncodings = 0;
			knownRegions = (
				en,
				Base,
			);
			mainGroup = 56DC8B541AAF79BD00F38888;
			productRefGroup = 56DC8B5E1AAF79BD00F38888 /* Products */;
			projectDirPath = "";
			projectRoot = "";
			targets = (
				56DC8B5C1AAF79BD00F38888 /* WordPlay */,
				56DC8B751AAF79BD00F38888 /* WordPlayTests */,
			);
		};
/* End PBXProject section */

/* Begin PBXResourcesBuildPhase section */
		56DC8B5B1AAF79BD00F38888 /* Resources */ = {
			isa = PBXResourcesBuildPhase;
			buildActionMask = 2147483647;
			files = (
				56DC8B6C1AAF79BD00F38888 /* Main.storyboard in Resources */,
				56DC8B711AAF79BD00F38888 /* LaunchScreen.xib in Resources */,
				56DC8B6E1AAF79BD00F38888 /* Images.xcassets in Resources */,
			);
			runOnlyForDeploymentPostprocessing = 0;
		};
		56DC8B741AAF79BD00F38888 /* Resources */ = {
			isa = PBXResourcesBuildPhase;
			buildActionMask = 2147483647;
			files = (
			);
			runOnlyForDeploymentPostprocessing = 0;
		};
/* End PBXResourcesBuildPhase section */

/* Begin PBXSourcesBuildPhase section */
		56DC8B591AAF79BD00F38888 /* Sources */ = {
			isa = PBXSourcesBuildPhase;
			buildActionMask = 2147483647;
			files = (
				56DC8B691AAF79BD00F38888 /* ViewController.m in Sources */,
				56DC8B661AAF79BD00F38888 /* AppDelegate.m in Sources */,
				56DC8B631AAF79BD00F38888 /* main.m in Sources */,
			);
			runOnlyForDeploymentPostprocessing = 0;
		};
		56DC8B721AAF79BD00F38888 /* Sources */ = {
			isa = PBXSourcesBuildPhase;
			buildActionMask = 2147483647;
			files = (
				56DC8B7D1AAF79BD00F38888 /* WordPlayTests.m in Sources */,
			);
			runOnlyForDeploymentPostprocessing = 0;
		};
/* End PBXSourcesBuildPhase section */

/* Begin PBXTargetDependency section */
		56DC8B781AAF79BD00F38888 /* PBXTargetDependency */ = {
			isa = PBXTargetDependency;
			target = 56DC8B5C1AAF79BD00F38888 /* WordPlay */;
			targetProxy = 56DC8B771AAF79BD00F38888 /* PBXContainerItemProxy */;
		};
/* End PBXTargetDependency section */

/* Begin PBXVariantGroup section */
		56DC8B6A1AAF79BD00F38888 /* Main.storyboard */ = {
			isa = PBXVariantGroup;
			children = (
				56DC8B6B1AAF79BD00F38888 /* Base */,
			);
			name = Main.storyboard;
			sourceTree = "<group>";
		};
		56DC8B6F1AAF79BD00F38888 /* LaunchScreen.xib */ = {
			isa = PBXVariantGroup;
			children = (
				56DC8B701AAF79BD00F38888 /* Base */,
			);
			name = LaunchScreen.xib;
			sourceTree = "<group>";
		};
/* End PBXVariantGroup section */

/* Begin XCBuildConfiguration section */
		56DC8B7E1AAF79BD00F38888 /* Debug */ = {
			isa = XCBuildConfiguration;
			buildSettings = {
				ALWAYS_SEARCH_USER_PATHS = NO;
				CLANG_CXX_LANGUAGE_STANDARD = "gnu++0x";
				CLANG_CXX_LIBRARY = "libc++";
				CLANG_ENABLE_MODULES = YES;
				CLANG_ENABLE_OBJC_ARC = YES;
				CLANG_WARN_BOOL_CONVERSION = YES;
				CLANG_WARN_CONSTANT_CONVERSION = YES;
				CLANG_WARN_DIRECT_OBJC_ISA_USAGE = YES_ERROR;
				CLANG_WARN_EMPTY_BODY = YES;
				CLANG_WARN_ENUM_CONVERSION = YES;
				CLANG_WARN_INT_CONVERSION = YES;
				CLANG_WARN_OBJC_ROOT_CLASS = YES_ERROR;
				CLANG_WARN_UNREACHABLE_CODE = YES;
				CLANG_WARN__DUPLICATE_METHOD_MATCH = YES;
				"CODE_SIGN_IDENTITY[sdk=iphoneos*]" = "iPhone Developer";
				COPY_PHASE_STRIP = NO;
				ENABLE_STRICT_OBJC_MSGSEND = YES;
				GCC_C_LANGUAGE_STANDARD = gnu99;
				GCC_DYNAMIC_NO_PIC = NO;
				GCC_OPTIMIZATION_LEVEL = 0;
				GCC_PREPROCESSOR_DEFINITIONS = (
					"DEBUG=1",
					"$(inherited)",
				);
				GCC_SYMBOLS_PRIVATE_EXTERN = NO;
				GCC_WARN_64_TO_32_BIT_CONVERSION = YES;
				GCC_WARN_ABOUT_RETURN_TYPE = YES_ERROR;
				GCC_WARN_UNDECLARED_SELECTOR = YES;
				GCC_WARN_UNINITIALIZED_AUTOS = YES_AGGRESSIVE;
				GCC_WARN_UNUSED_FUNCTION = YES;
				GCC_WARN_UNUSED_VARIABLE = YES;
				IPHONEOS_DEPLOYMENT_TARGET = 8.2;
				MTL_ENABLE_DEBUG_INFO = YES;
				ONLY_ACTIVE_ARCH = YES;
				SDKROOT = iphoneos;
			};
			name = Debug;
		};
		56DC8B7F1AAF79BD00F38888 /* Release */ = {
			isa = XCBuildConfiguration;
			buildSettings = {
				ALWAYS_SEARCH_USER_PATHS = NO;
				CLANG_CXX_LANGUAGE_STANDARD = "gnu++0x";
				CLANG_CXX_LIBRARY = "libc++";
				CLANG_ENABLE_MODULES = YES;
				CLANG_ENABLE_OBJC_ARC = YES;
				CLANG_WARN_BOOL_CONVERSION = YES;
				CLANG_WARN_CONSTANT_CONVERSION = YES;
				CLANG_WARN_DIRECT_OBJC_ISA_USAGE = YES_ERROR;
				CLANG_WARN_EMPTY_BODY = YES;
				CLANG_WARN_ENUM_CONVERSION = YES;
				CLANG_WARN_INT_CONVERSION = YES;
				CLANG_WARN_OBJC_ROOT_CLASS = YES_ERROR;
				CLANG_WARN_UNREACHABLE_CODE = YES;
				CLANG_WARN__DUPLICATE_METHOD_MATCH = YES;
				"CODE_SIGN_IDENTITY[sdk=iphoneos*]" = "iPhone Developer";
				COPY_PHASE_STRIP = NO;
				ENABLE_NS_ASSERTIONS = NO;
				ENABLE_STRICT_OBJC_MSGSEND = YES;
				GCC_C_LANGUAGE_STANDARD = gnu99;
				GCC_WARN_64_TO_32_BIT_CONVERSION = YES;
				GCC_WARN_ABOUT_RETURN_TYPE = YES_ERROR;
				GCC_WARN_UNDECLARED_SELECTOR = YES;
				GCC_WARN_UNINITIALIZED_AUTOS = YES_AGGRESSIVE;
				GCC_WARN_UNUSED_FUNCTION = YES;
				GCC_WARN_UNUSED_VARIABLE = YES;
				IPHONEOS_DEPLOYMENT_TARGET = 8.2;
				MTL_ENABLE_DEBUG_INFO = NO;
				SDKROOT = iphoneos;
				VALIDATE_PRODUCT = YES;
			};
			name = Release;
		};
		56DC8B811AAF79BD00F38888 /* Debug */ = {
			isa = XCBuildConfiguration;
			buildSettings = {
				ASSETCATALOG_COMPILER_APPICON_NAME = AppIcon;
				INFOPLIST_FILE = WordPlay/Info.plist;
				LD_RUNPATH_SEARCH_PATHS = "$(inherited) @executable_path/Frameworks";
				PRODUCT_NAME = "$(TARGET_NAME)";
			};
			name = Debug;
		};
		56DC8B821AAF79BD00F38888 /* Release */ = {
			isa = XCBuildConfiguration;
			buildSettings = {
				ASSETCATALOG_COMPILER_APPICON_NAME = AppIcon;
				INFOPLIST_FILE = WordPlay/Info.plist;
				LD_RUNPATH_SEARCH_PATHS = "$(inherited) @executable_path/Frameworks";
				PRODUCT_NAME = "$(TARGET_NAME)";
			};
			name = Release;
		};
		56DC8B841AAF79BD00F38888 /* Debug */ = {
			isa = XCBuildConfiguration;
			buildSettings = {
				BUNDLE_LOADER = "$(TEST_HOST)";
				FRAMEWORK_SEARCH_PATHS = (
					"$(SDKROOT)/Developer/Library/Frameworks",
					"$(inherited)",
				);
				GCC_PREPROCESSOR_DEFINITIONS = (
					"DEBUG=1",
					"$(inherited)",
				);
				INFOPLIST_FILE = WordPlayTests/Info.plist;
				LD_RUNPATH_SEARCH_PATHS = "$(inherited) @executable_path/Frameworks @loader_path/Frameworks";
				PRODUCT_NAME = "$(TARGET_NAME)";
				TEST_HOST = "$(BUILT_PRODUCTS_DIR)/WordPlay.app/WordPlay";
			};
			name = Debug;
		};
		56DC8B851AAF79BD00F38888 /* Release */ = {
			isa = XCBuildConfiguration;
			buildSettings = {
				BUNDLE_LOADER = "$(TEST_HOST)";
				FRAMEWORK_SEARCH_PATHS = (
					"$(SDKROOT)/Developer/Library/Frameworks",
					"$(inherited)",
				);
				INFOPLIST_FILE = WordPlayTests/Info.plist;
				LD_RUNPATH_SEARCH_PATHS = "$(inherited) @executable_path/Frameworks @loader_path/Frameworks";
				PRODUCT_NAME = "$(TARGET_NAME)";
				TEST_HOST = "$(BUILT_PRODUCTS_DIR)/WordPlay.app/WordPlay";
			};
			name = Release;
		};
/* End XCBuildConfiguration section */

/* Begin XCConfigurationList section */
		56DC8B581AAF79BD00F38888 /* Build configuration list for PBXProject "WordPlay" */ = {
			isa = XCConfigurationList;
			buildConfigurations = (
				56DC8B7E1AAF79BD00F38888 /* Debug */,
				56DC8B7F1AAF79BD00F38888 /* Release */,
			);
			defaultConfigurationIsVisible = 0;
			defaultConfigurationName = Release;
		};
		56DC8B801AAF79BD00F38888 /* Build configuration list for PBXNativeTarget "WordPlay" */ = {
			isa = XCConfigurationList;
			buildConfigurations = (
				56DC8B811AAF79BD00F38888 /* Debug */,
				56DC8B821AAF79BD00F38888 /* Release */,
			);
			defaultConfigurationIsVisible = 0;
		};
		56DC8B831AAF79BD00F38888 /* Build configuration list for PBXNativeTarget "WordPlayTests" */ = {
			isa = XCConfigurationList;
			buildConfigurations = (
				56DC8B841AAF79BD00F38888 /* Debug */,
				56DC8B851AAF79BD00F38888 /* Release */,
			);
			defaultConfigurationIsVisible = 0;
		};
/* End XCConfigurationList section */
	};
	rootObject = 56DC8B551AAF79BD00F38888 /* Project object */;
}
